
Microsoft Visual Studio Solution File, Format Version 12.00
# Visual Studio Version 17
VisualStudioVersion = 17.12.35527.113
MinimumVisualStudioVersion = 10.0.40219.1
Project("{FAE04EC0-301F-11D3-BF4B-00C04F79EFBC}") = "API", "API\API.csproj", "{9033D769-E4F8-461B-93D2-C204EABA31E7}"
EndProject
Project("{FAE04EC0-301F-11D3-BF4B-00C04F79EFBC}") = "Application", "Application\Application.csproj", "{A2D52FF7-0081-4007-85C8-5151FBD18216}"
EndProject
Project("{FAE04EC0-301F-11D3-BF4B-00C04F79EFBC}") = "Domain", "Domain\Domain.csproj", "{5BDA21E2-726F-4FAD-8749-18BE22E3E081}"
EndProject
Project("{FAE04EC0-301F-11D3-BF4B-00C04F79EFBC}") = "Infrastructure", "Infrastructure\Infrastructure.csproj", "{EF1FDE75-2FED-485C-B190-D2B6E1B3258E}"
EndProject
Project("{FAE04EC0-301F-11D3-BF4B-00C04F79EFBC}") = "BenchmarkTests", "BenchmarkTests\BenchmarkTests.csproj", "{AE6AF0B5-F6F8-4029-93F2-F172DECD906F}"
EndProject
Global
	GlobalSection(SolutionConfigurationPlatforms) = preSolution
		Debug|Any CPU = Debug|Any CPU
		Release|Any CPU = Release|Any CPU
	EndGlobalSection
	GlobalSection(ProjectConfigurationPlatforms) = postSolution
		{9033D769-E4F8-461B-93D2-C204EABA31E7}.Debug|Any CPU.ActiveCfg = Debug|Any CPU
		{9033D769-E4F8-461B-93D2-C204EABA31E7}.Debug|Any CPU.Build.0 = Debug|Any CPU
		{9033D769-E4F8-461B-93D2-C204EABA31E7}.Release|Any CPU.ActiveCfg = Release|Any CPU
		{9033D769-E4F8-461B-93D2-C204EABA31E7}.Release|Any CPU.Build.0 = Release|Any CPU
		{A2D52FF7-0081-4007-85C8-5151FBD18216}.Debug|Any CPU.ActiveCfg = Debug|Any CPU
		{A2D52FF7-0081-4007-85C8-5151FBD18216}.Debug|Any CPU.Build.0 = Debug|Any CPU
		{A2D52FF7-0081-4007-85C8-5151FBD18216}.Release|Any CPU.ActiveCfg = Release|Any CPU
		{A2D52FF7-0081-4007-85C8-5151FBD18216}.Release|Any CPU.Build.0 = Release|Any CPU
		{5BDA21E2-726F-4FAD-8749-18BE22E3E081}.Debug|Any CPU.ActiveCfg = Debug|Any CPU
		{5BDA21E2-726F-4FAD-8749-18BE22E3E081}.Debug|Any CPU.Build.0 = Debug|Any CPU
		{5BDA21E2-726F-4FAD-8749-18BE22E3E081}.Release|Any CPU.ActiveCfg = Release|Any CPU
		{5BDA21E2-726F-4FAD-8749-18BE22E3E081}.Release|Any CPU.Build.0 = Release|Any CPU
		{EF1FDE75-2FED-485C-B190-D2B6E1B3258E}.Debug|Any CPU.ActiveCfg = Debug|Any CPU
		{EF1FDE75-2FED-485C-B190-D2B6E1B3258E}.Debug|Any CPU.Build.0 = Debug|Any CPU
		{EF1FDE75-2FED-485C-B190-D2B6E1B3258E}.Release|Any CPU.ActiveCfg = Release|Any CPU
		{EF1FDE75-2FED-485C-B190-D2B6E1B3258E}.Release|Any CPU.Build.0 = Release|Any CPU
		{AE6AF0B5-F6F8-4029-93F2-F172DECD906F}.Debug|Any CPU.ActiveCfg = Debug|Any CPU
		{AE6AF0B5-F6F8-4029-93F2-F172DECD906F}.Debug|Any CPU.Build.0 = Debug|Any CPU
		{AE6AF0B5-F6F8-4029-93F2-F172DECD906F}.Release|Any CPU.ActiveCfg = Release|Any CPU
		{AE6AF0B5-F6F8-4029-93F2-F172DECD906F}.Release|Any CPU.Build.0 = Release|Any CPU
	EndGlobalSection
	GlobalSection(SolutionProperties) = preSolution
		HideSolutionNode = FALSE
	EndGlobalSection
EndGlobal
